
Microsoft Visual Studio Solution File, Format Version 12.00
# Visual Studio Version 17
VisualStudioVersion = 17.13.35825.156 d17.13
MinimumVisualStudioVersion = 10.0.40219.1
Project("{FAE04EC0-301F-11D3-BF4B-00C04F79EFBC}") = "TelaDeLogin", "TelaDeLogin.csproj", "{A217EEDB-0A34-4D25-B0EC-6D19DE560EF9}"
EndProject
Global
	GlobalSection(SolutionConfigurationPlatforms) = preSolution
		Debug|Any CPU = Debug|Any CPU
		Release|Any CPU = Release|Any CPU
	EndGlobalSection
	GlobalSection(ProjectConfigurationPlatforms) = postSolution
		{A217EEDB-0A34-4D25-B0EC-6D19DE560EF9}.Debug|Any CPU.ActiveCfg = Debug|Any CPU
		{A217EEDB-0A34-4D25-B0EC-6D19DE560EF9}.Debug|Any CPU.Build.0 = Debug|Any CPU
		{A217EEDB-0A34-4D25-B0EC-6D19DE560EF9}.Release|Any CPU.ActiveCfg = Release|Any CPU
		{A217EEDB-0A34-4D25-B0EC-6D19DE560EF9}.Release|Any CPU.Build.0 = Release|Any CPU
	EndGlobalSection
	GlobalSection(SolutionProperties) = preSolution
		HideSolutionNode = FALSE
	EndGlobalSection
	GlobalSection(ExtensibilityGlobals) = postSolution
		SolutionGuid = {4024E36B-B595-4B58-8071-BE59340F1E65}
	EndGlobalSection
EndGlobal
